
Microsoft Visual Studio Solution File, Format Version 12.00
# Visual Studio Version 16
VisualStudioVersion = 16.0.31702.278
MinimumVisualStudioVersion = 10.0.40219.1
Project("{FAE04EC0-301F-11D3-BF4B-00C04F79EFBC}") = "ConsoleApplication", "ConsoleApplication\ConsoleApplication.csproj", "{1FF35D63-C6E5-4301-B47A-28806B380708}"
EndProject
Global
	GlobalSection(SolutionConfigurationPlatforms) = preSolution
		Debug|Any CPU = Debug|Any CPU
		Release|Any CPU = Release|Any CPU
	EndGlobalSection
	GlobalSection(ProjectConfigurationPlatforms) = postSolution
		{1FF35D63-C6E5-4301-B47A-28806B380708}.Debug|Any CPU.ActiveCfg = Debug|Any CPU
		{1FF35D63-C6E5-4301-B47A-28806B380708}.Debug|Any CPU.Build.0 = Debug|Any CPU
		{1FF35D63-C6E5-4301-B47A-28806B380708}.Release|Any CPU.ActiveCfg = Release|Any CPU
		{1FF35D63-C6E5-4301-B47A-28806B380708}.Release|Any CPU.Build.0 = Release|Any CPU
	EndGlobalSection
	GlobalSection(SolutionProperties) = preSolution
		HideSolutionNode = FALSE
	EndGlobalSection
	GlobalSection(ExtensibilityGlobals) = postSolution
		SolutionGuid = {691B7C57-58C8-4EAF-9325-9FA65C32A0F8}
	EndGlobalSection
EndGlobal
